// !$*UTF8*$!
{
	archiveVersion = 1;
	classes = {
	};
	objectVersion = 46;
	objects = {

/* Begin PBXBuildFile section */
		30BE72451D8EEF84000E758A /* main.m in Sources */ = {isa = PBXBuildFile; fileRef = 30BE72441D8EEF84000E758A /* main.m */; };
		30BE72481D8EEF84000E758A /* AppDelegate.m in Sources */ = {isa = PBXBuildFile; fileRef = 30BE72471D8EEF84000E758A /* AppDelegate.m */; };
		30BE724B1D8EEF84000E758A /* ViewController.m in Sources */ = {isa = PBXBuildFile; fileRef = 30BE724A1D8EEF84000E758A /* ViewController.m */; };
		30BE724E1D8EEF84000E758A /* Main.storyboard in Resources */ = {isa = PBXBuildFile; fileRef = 30BE724C1D8EEF84000E758A /* Main.storyboard */; };
		30BE72501D8EEF84000E758A /* Assets.xcassets in Resources */ = {isa = PBXBuildFile; fileRef = 30BE724F1D8EEF84000E758A /* Assets.xcassets */; };
		30BE72531D8EEF84000E758A /* LaunchScreen.storyboard in Resources */ = {isa = PBXBuildFile; fileRef = 30BE72511D8EEF84000E758A /* LaunchScreen.storyboard */; };
		42928901F7F31A3F2CB5BCDD /* Pods_MvvmAndRac.framework in Frameworks */ = {isa = PBXBuildFile; fileRef = C3B083AEC59E3B6A523BAD6C /* Pods_MvvmAndRac.framework */; };
/* End PBXBuildFile section */

/* Begin PBXFileReference section */
		30BE72401D8EEF84000E758A /* MvvmAndRac.app */ = {isa = PBXFileReference; explicitFileType = wrapper.application; includeInIndex = 0; path = MvvmAndRac.app; sourceTree = BUILT_PRODUCTS_DIR; };
		30BE72441D8EEF84000E758A /* main.m */ = {isa = PBXFileReference; lastKnownFileType = sourcecode.c.objc; path = main.m; sourceTree = "<group>"; };
		30BE72461D8EEF84000E758A /* AppDelegate.h */ = {isa = PBXFileReference; lastKnownFileType = sourcecode.c.h; path = AppDelegate.h; sourceTree = "<group>"; };
		30BE72471D8EEF84000E758A /* AppDelegate.m */ = {isa = PBXFileReference; lastKnownFileType = sourcecode.c.objc; path = AppDelegate.m; sourceTree = "<group>"; };
		30BE72491D8EEF84000E758A /* ViewController.h */ = {isa = PBXFileReference; lastKnownFileType = sourcecode.c.h; path = ViewController.h; sourceTree = "<group>"; };
		30BE724A1D8EEF84000E758A /* ViewController.m */ = {isa = PBXFileReference; lastKnownFileType = sourcecode.c.objc; path = ViewController.m; sourceTree = "<group>"; };
		30BE724D1D8EEF84000E758A /* Base */ = {isa = PBXFileReference; lastKnownFileType = file.storyboard; name = Base; path = Base.lproj/Main.storyboard; sourceTree = "<group>"; };
		30BE724F1D8EEF84000E758A /* Assets.xcassets */ = {isa = PBXFileReference; lastKnownFileType = folder.assetcatalog; path = Assets.xcassets; sourceTree = "<group>"; };
		30BE72521D8EEF84000E758A /* Base */ = {isa = PBXFileReference; lastKnownFileType = file.storyboard; name = Base; path = Base.lproj/LaunchScreen.storyboard; sourceTree = "<group>"; };
		30BE72541D8EEF84000E758A /* Info.plist */ = {isa = PBXFileReference; lastKnownFileType = text.plist.xml; path = Info.plist; sourceTree = "<group>"; };
		C3B083AEC59E3B6A523BAD6C /* Pods_MvvmAndRac.framework */ = {isa = PBXFileReference; explicitFileType = wrapper.framework; includeInIndex = 0; path = Pods_MvvmAndRac.framework; sourceTree = BUILT_PRODUCTS_DIR; };
		CCB467555DE44D27965D3AA2 /* Pods-MvvmAndRac.debug.xcconfig */ = {isa = PBXFileReference; includeInIndex = 1; lastKnownFileType = text.xcconfig; name = "Pods-MvvmAndRac.debug.xcconfig"; path = "Pods/Target Support Files/Pods-MvvmAndRac/Pods-MvvmAndRac.debug.xcconfig"; sourceTree = "<group>"; };
		F0820F7A52565ED9B382A207 /* Pods-MvvmAndRac.release.xcconfig */ = {isa = PBXFileReference; includeInIndex = 1; lastKnownFileType = text.xcconfig; name = "Pods-MvvmAndRac.release.xcconfig"; path = "Pods/Target Support Files/Pods-MvvmAndRac/Pods-MvvmAndRac.release.xcconfig"; sourceTree = "<group>"; };
/* End PBXFileReference section */

/* Begin PBXFrameworksBuildPhase section */
		30BE723D1D8EEF84000E758A /* Frameworks */ = {
			isa = PBXFrameworksBuildPhase;
			buildActionMask = 2147483647;
			files = (
				42928901F7F31A3F2CB5BCDD /* Pods_MvvmAndRac.framework in Frameworks */,
			);
			runOnlyForDeploymentPostprocessing = 0;
		};
/* End PBXFrameworksBuildPhase section */

/* Begin PBXGroup section */
		0E439537D5664E60BA2E9060 /* Frameworks */ = {
			isa = PBXGroup;
			children = (
				C3B083AEC59E3B6A523BAD6C /* Pods_MvvmAndRac.framework */,
			);
			name = Frameworks;
			sourceTree = "<group>";
		};
		30453E7F1D8EF60C0016302D /* APPDelegate */ = {
			isa = PBXGroup;
			children = (
				30BE72461D8EEF84000E758A /* AppDelegate.h */,
				30BE72471D8EEF84000E758A /* AppDelegate.m */,
			);
			name = APPDelegate;
			sourceTree = "<group>";
		};
		30453E801D8EF62C0016302D /* Classes */ = {
			isa = PBXGroup;
			children = (
				30BE72491D8EEF84000E758A /* ViewController.h */,
				30BE724A1D8EEF84000E758A /* ViewController.m */,
			);
			name = Classes;
			sourceTree = "<group>";
		};
		30453E811D8EF63C0016302D /* Resource */ = {
			isa = PBXGroup;
			children = (
				30BE72541D8EEF84000E758A /* Info.plist */,
				30BE724F1D8EEF84000E758A /* Assets.xcassets */,
			);
			name = Resource;
			sourceTree = "<group>";
		};
		30453E821D8EF6A10016302D /* Storyboard */ = {
			isa = PBXGroup;
			children = (
				30BE724C1D8EEF84000E758A /* Main.storyboard */,
				30BE72511D8EEF84000E758A /* LaunchScreen.storyboard */,
			);
			name = Storyboard;
			sourceTree = "<group>";
		};
		30BE72371D8EEF84000E758A = {
			isa = PBXGroup;
			children = (
				30BE72421D8EEF84000E758A /* MvvmAndRac */,
				30BE72411D8EEF84000E758A /* Products */,
				4E114DF2915D0FD794B37776 /* Pods */,
				0E439537D5664E60BA2E9060 /* Frameworks */,
			);
			sourceTree = "<group>";
		};
		30BE72411D8EEF84000E758A /* Products */ = {
			isa = PBXGroup;
			children = (
				30BE72401D8EEF84000E758A /* MvvmAndRac.app */,
			);
			name = Products;
			sourceTree = "<group>";
		};
		30BE72421D8EEF84000E758A /* MvvmAndRac */ = {
			isa = PBXGroup;
			children = (
				30453E821D8EF6A10016302D /* Storyboard */,
				30453E811D8EF63C0016302D /* Resource */,
				30453E801D8EF62C0016302D /* Classes */,
				30453E7F1D8EF60C0016302D /* APPDelegate */,
				30BE72431D8EEF84000E758A /* Supporting Files */,
			);
			path = MvvmAndRac;
			sourceTree = "<group>";
		};
		30BE72431D8EEF84000E758A /* Supporting Files */ = {
			isa = PBXGroup;
			children = (
				30BE72441D8EEF84000E758A /* main.m */,
			);
			name = "Supporting Files";
			sourceTree = "<group>";
		};
		4E114DF2915D0FD794B37776 /* Pods */ = {
			isa = PBXGroup;
			children = (
				CCB467555DE44D27965D3AA2 /* Pods-MvvmAndRac.debug.xcconfig */,
				F0820F7A52565ED9B382A207 /* Pods-MvvmAndRac.release.xcconfig */,
			);
			name = Pods;
			sourceTree = "<group>";
		};
/* End PBXGroup section */

/* Begin PBXNativeTarget section */
		30BE723F1D8EEF84000E758A /* MvvmAndRac */ = {
			isa = PBXNativeTarget;
			buildConfigurationList = 30BE72571D8EEF84000E758A /* Build configuration list for PBXNativeTarget "MvvmAndRac" */;
			buildPhases = (
				BEE21441300A5DAC0F7A3F11 /* [CP] Check Pods Manifest.lock */,
				30BE723C1D8EEF84000E758A /* Sources */,
				30BE723D1D8EEF84000E758A /* Frameworks */,
				30BE723E1D8EEF84000E758A /* Resources */,
				C3794C21CCB62D102B93949B /* [CP] Embed Pods Frameworks */,
				05FFACDB451C574C75842127 /* [CP] Copy Pods Resources */,
			);
			buildRules = (
			);
			dependencies = (
			);
			name = MvvmAndRac;
			productName = MvvmAndRac;
			productReference = 30BE72401D8EEF84000E758A /* MvvmAndRac.app */;
			productType = "com.apple.product-type.application";
		};
/* End PBXNativeTarget section */

/* Begin PBXProject section */
		30BE72381D8EEF84000E758A /* Project object */ = {
			isa = PBXProject;
			attributes = {
				LastUpgradeCheck = 0730;
				ORGANIZATIONNAME = qcy;
				TargetAttributes = {
					30BE723F1D8EEF84000E758A = {
						CreatedOnToolsVersion = 7.3;
					};
				};
			};
			buildConfigurationList = 30BE723B1D8EEF84000E758A /* Build configuration list for PBXProject "MvvmAndRac" */;
			compatibilityVersion = "Xcode 3.2";
			developmentRegion = English;
			hasScannedForEncodings = 0;
			knownRegions = (
				en,
				Base,
			);
			mainGroup = 30BE72371D8EEF84000E758A;
			productRefGroup = 30BE72411D8EEF84000E758A /* Products */;
			projectDirPath = "";
			projectRoot = "";
			targets = (
				30BE723F1D8EEF84000E758A /* MvvmAndRac */,
			);
		};
/* End PBXProject section */

/* Begin PBXResourcesBuildPhase section */
		30BE723E1D8EEF84000E758A /* Resources */ = {
			isa = PBXResourcesBuildPhase;
			buildActionMask = 2147483647;
			files = (
				30BE72531D8EEF84000E758A /* LaunchScreen.storyboard in Resources */,
				30BE72501D8EEF84000E758A /* Assets.xcassets in Resources */,
				30BE724E1D8EEF84000E758A /* Main.storyboard in Resources */,
			);
			runOnlyForDeploymentPostprocessing = 0;
		};
/* End PBXResourcesBuildPhase section */

/* Begin PBXShellScriptBuildPhase section */
		05FFACDB451C574C75842127 /* [CP] Copy Pods Resources */ = {
			isa = PBXShellScriptBuildPhase;
			buildActionMask = 2147483647;
			files = (
			);
			inputPaths = (
			);
			name = "[CP] Copy Pods Resources";
			outputPaths = (
			);
			runOnlyForDeploymentPostprocessing = 0;
			shellPath = /bin/sh;
			shellScript = "\"${SRCROOT}/Pods/Target Support Files/Pods-MvvmAndRac/Pods-MvvmAndRac-resources.sh\"\n";
			showEnvVarsInLog = 0;
		};
		BEE21441300A5DAC0F7A3F11 /* [CP] Check Pods Manifest.lock */ = {
			isa = PBXShellScriptBuildPhase;
			buildActionMask = 2147483647;
			files = (
			);
			inputPaths = (
			);
			name = "[CP] Check Pods Manifest.lock";
			outputPaths = (
			);
			runOnlyForDeploymentPostprocessing = 0;
			shellPath = /bin/sh;
			shellScript = "diff \"${PODS_ROOT}/../Podfile.lock\" \"${PODS_ROOT}/Manifest.lock\" > /dev/null\nif [[ $? != 0 ]] ; then\n    cat << EOM\nerror: The sandbox is not in sync with the Podfile.lock. Run 'pod install' or update your CocoaPods installation.\nEOM\n    exit 1\nfi\n";
			showEnvVarsInLog = 0;
		};
		C3794C21CCB62D102B93949B /* [CP] Embed Pods Frameworks */ = {
			isa = PBXShellScriptBuildPhase;
			buildActionMask = 2147483647;
			files = (
			);
			inputPaths = (
			);
			name = "[CP] Embed Pods Frameworks";
			outputPaths = (
			);
			runOnlyForDeploymentPostprocessing = 0;
			shellPath = /bin/sh;
			shellScript = "\"${SRCROOT}/Pods/Target Support Files/Pods-MvvmAndRac/Pods-MvvmAndRac-frameworks.sh\"\n";
			showEnvVarsInLog = 0;
		};
/* End PBXShellScriptBuildPhase section */

/* Begin PBXSourcesBuildPhase section */
		30BE723C1D8EEF84000E758A /* Sources */ = {
			isa = PBXSourcesBuildPhase;
			buildActionMask = 2147483647;
			files = (
				30BE724B1D8EEF84000E758A /* ViewController.m in Sources */,
				30BE72481D8EEF84000E758A /* AppDelegate.m in Sources */,
				30BE72451D8EEF84000E758A /* main.m in Sources */,
			);
			runOnlyForDeploymentPostprocessing = 0;
		};
/* End PBXSourcesBuildPhase section */

/* Begin PBXVariantGroup section */
		30BE724C1D8EEF84000E758A /* Main.storyboard */ = {
			isa = PBXVariantGroup;
			children = (
				30BE724D1D8EEF84000E758A /* Base */,
			);
			name = Main.storyboard;
			sourceTree = "<group>";
		};
		30BE72511D8EEF84000E758A /* LaunchScreen.storyboard */ = {
			isa = PBXVariantGroup;
			children = (
				30BE72521D8EEF84000E758A /* Base */,
			);
			name = LaunchScreen.storyboard;
			sourceTree = "<group>";
		};
/* End PBXVariantGroup section */

/* Begin XCBuildConfiguration section */
		30BE72551D8EEF84000E758A /* Debug */ = {
			isa = XCBuildConfiguration;
			buildSettings = {
				ALWAYS_SEARCH_USER_PATHS = NO;
				CLANG_CXX_LANGUAGE_STANDARD = "gnu++0x";
				CLANG_CXX_LIBRARY = "libc++";
				CLANG_ENABLE_MODULES = YES;
				CLANG_ENABLE_OBJC_ARC = YES;
				CLANG_WARN_BOOL_CONVERSION = YES;
				CLANG_WARN_CONSTANT_CONVERSION = YES;
				CLANG_WARN_DIRECT_OBJC_ISA_USAGE = YES_ERROR;
				CLANG_WARN_EMPTY_BODY = YES;
				CLANG_WARN_ENUM_CONVERSION = YES;
				CLANG_WARN_INT_CONVERSION = YES;
				CLANG_WARN_OBJC_ROOT_CLASS = YES_ERROR;
				CLANG_WARN_UNREACHABLE_CODE = YES;
				CLANG_WARN__DUPLICATE_METHOD_MATCH = YES;
				"CODE_SIGN_IDENTITY[sdk=iphoneos*]" = "iPhone Developer";
				COPY_PHASE_STRIP = NO;
				DEBUG_INFORMATION_FORMAT = dwarf;
				ENABLE_STRICT_OBJC_MSGSEND = YES;
				ENABLE_TESTABILITY = YES;
				GCC_C_LANGUAGE_STANDARD = gnu99;
				GCC_DYNAMIC_NO_PIC = NO;
				GCC_NO_COMMON_BLOCKS = YES;
				GCC_OPTIMIZATION_LEVEL = 0;
				GCC_PREPROCESSOR_DEFINITIONS = (
					"DEBUG=1",
					"$(inherited)",
				);
				GCC_WARN_64_TO_32_BIT_CONVERSION = YES;
				GCC_WARN_ABOUT_RETURN_TYPE = YES_ERROR;
				GCC_WARN_UNDECLARED_SELECTOR = YES;
				GCC_WARN_UNINITIALIZED_AUTOS = YES_AGGRESSIVE;
				GCC_WARN_UNUSED_FUNCTION = YES;
				GCC_WARN_UNUSED_VARIABLE = YES;
				IPHONEOS_DEPLOYMENT_TARGET = 9.3;
				MTL_ENABLE_DEBUG_INFO = YES;
				ONLY_ACTIVE_ARCH = YES;
				SDKROOT = iphoneos;
			};
			name = Debug;
		};
		30BE72561D8EEF84000E758A /* Release */ = {
			isa = XCBuildConfiguration;
			buildSettings = {
				ALWAYS_SEARCH_USER_PATHS = NO;
				CLANG_CXX_LANGUAGE_STANDARD = "gnu++0x";
				CLANG_CXX_LIBRARY = "libc++";
				CLANG_ENABLE_MODULES = YES;
				CLANG_ENABLE_OBJC_ARC = YES;
				CLANG_WARN_BOOL_CONVERSION = YES;
				CLANG_WARN_CONSTANT_CONVERSION = YES;
				CLANG_WARN_DIRECT_OBJC_ISA_USAGE = YES_ERROR;
				CLANG_WARN_EMPTY_BODY = YES;
				CLANG_WARN_ENUM_CONVERSION = YES;
				CLANG_WARN_INT_CONVERSION = YES;
				CLANG_WARN_OBJC_ROOT_CLASS = YES_ERROR;
				CLANG_WARN_UNREACHABLE_CODE = YES;
				CLANG_WARN__DUPLICATE_METHOD_MATCH = YES;
				"CODE_SIGN_IDENTITY[sdk=iphoneos*]" = "iPhone Developer";
				COPY_PHASE_STRIP = NO;
				DEBUG_INFORMATION_FORMAT = "dwarf-with-dsym";
				ENABLE_NS_ASSERTIONS = NO;
				ENABLE_STRICT_OBJC_MSGSEND = YES;
				GCC_C_LANGUAGE_STANDARD = gnu99;
				GCC_NO_COMMON_BLOCKS = YES;
				GCC_WARN_64_TO_32_BIT_CONVERSION = YES;
				GCC_WARN_ABOUT_RETURN_TYPE = YES_ERROR;
				GCC_WARN_UNDECLARED_SELECTOR = YES;
				GCC_WARN_UNINITIALIZED_AUTOS = YES_AGGRESSIVE;
				GCC_WARN_UNUSED_FUNCTION = YES;
				GCC_WARN_UNUSED_VARIABLE = YES;
				IPHONEOS_DEPLOYMENT_TARGET = 9.3;
				MTL_ENABLE_DEBUG_INFO = NO;
				SDKROOT = iphoneos;
				VALIDATE_PRODUCT = YES;
			};
			name = Release;
		};
		30BE72581D8EEF84000E758A /* Debug */ = {
			isa = XCBuildConfiguration;
			baseConfigurationReference = CCB467555DE44D27965D3AA2 /* Pods-MvvmAndRac.debug.xcconfig */;
			buildSettings = {
				ASSETCATALOG_COMPILER_APPICON_NAME = AppIcon;
				INFOPLIST_FILE = MvvmAndRac/Info.plist;
				LD_RUNPATH_SEARCH_PATHS = "$(inherited) @executable_path/Frameworks";
				PRODUCT_BUNDLE_IDENTIFIER = test.qcy.MvvmAndRac;
				PRODUCT_NAME = "$(TARGET_NAME)";
			};
			name = Debug;
		};
		30BE72591D8EEF84000E758A /* Release */ = {
			isa = XCBuildConfiguration;
			baseConfigurationReference = F0820F7A52565ED9B382A207 /* Pods-MvvmAndRac.release.xcconfig */;
			buildSettings = {
				ASSETCATALOG_COMPILER_APPICON_NAME = AppIcon;
				INFOPLIST_FILE = MvvmAndRac/Info.plist;
				LD_RUNPATH_SEARCH_PATHS = "$(inherited) @executable_path/Frameworks";
				PRODUCT_BUNDLE_IDENTIFIER = test.qcy.MvvmAndRac;
				PRODUCT_NAME = "$(TARGET_NAME)";
			};
			name = Release;
		};
/* End XCBuildConfiguration section */

/* Begin XCConfigurationList section */
		30BE723B1D8EEF84000E758A /* Build configuration list for PBXProject "MvvmAndRac" */ = {
			isa = XCConfigurationList;
			buildConfigurations = (
				30BE72551D8EEF84000E758A /* Debug */,
				30BE72561D8EEF84000E758A /* Release */,
			);
			defaultConfigurationIsVisible = 0;
			defaultConfigurationName = Release;
		};
		30BE72571D8EEF84000E758A /* Build configuration list for PBXNativeTarget "MvvmAndRac" */ = {
			isa = XCConfigurationList;
			buildConfigurations = (
				30BE72581D8EEF84000E758A /* Debug */,
				30BE72591D8EEF84000E758A /* Release */,
			);
			defaultConfigurationIsVisible = 0;
			defaultConfigurationName = Release;
		};
/* End XCConfigurationList section */
	};
	rootObject = 30BE72381D8EEF84000E758A /* Project object */;
}
